// !$*UTF8*$!
{
	archiveVersion = 1;
	classes = {
	};
	objectVersion = 46;
	objects = {

/* Begin PBXBuildFile section */
		231DD8081D3EB79500E46B09 /* GoogleService-Info.plist in Resources */ = {isa = PBXBuildFile; fileRef = 231DD8071D3EB79500E46B09 /* GoogleService-Info.plist */; };
		2321B1881CA536F6003F8D35 /* layoutSubviewsButton.swift in Sources */ = {isa = PBXBuildFile; fileRef = 2321B1871CA536F6003F8D35 /* layoutSubviewsButton.swift */; };
		2333B9A11D71C77D00081466 /* ReasonsManager.swift in Sources */ = {isa = PBXBuildFile; fileRef = 2333B9A01D71C77D00081466 /* ReasonsManager.swift */; };
		2333B9A31D71C82A00081466 /* Reasons.swift in Sources */ = {isa = PBXBuildFile; fileRef = 2333B9A21D71C82A00081466 /* Reasons.swift */; };
		2333B9A71D749CB700081466 /* ReasonsTableViewCell.swift in Sources */ = {isa = PBXBuildFile; fileRef = 2333B9A61D749CB700081466 /* ReasonsTableViewCell.swift */; };
		2335C0D21DB3A2B100162980 /* AppDelegate.swift in Sources */ = {isa = PBXBuildFile; fileRef = 23802C9819CC150900387768 /* AppDelegate.swift */; };
		233A38A31A34E34700661CDD /* String.swift in Sources */ = {isa = PBXBuildFile; fileRef = 233A38A21A34E34700661CDD /* String.swift */; };
		234E42D21C81CEF600185D9C /* GlobalUIViewController.swift in Sources */ = {isa = PBXBuildFile; fileRef = 234E42D11C81CEF600185D9C /* GlobalUIViewController.swift */; };
		234E42DA1C82208C00185D9C /* CircularLoaderView.swift in Sources */ = {isa = PBXBuildFile; fileRef = 234E42D91C82208C00185D9C /* CircularLoaderView.swift */; };
		235A0E061C381BF400F12DAD /* ChartColorTemplates.swift in Sources */ = {isa = PBXBuildFile; fileRef = 235A0E051C381BF400F12DAD /* ChartColorTemplates.swift */; };
		235E256E1A56AD840050EBAA /* RowManagerViewController.swift in Sources */ = {isa = PBXBuildFile; fileRef = 235E256D1A56AD840050EBAA /* RowManagerViewController.swift */; };
		23679BC119D5664A003354C7 /* Levels.swift in Sources */ = {isa = PBXBuildFile; fileRef = 23679BC019D5664A003354C7 /* Levels.swift */; };
		23679BC319D56707003354C7 /* TableLevels.swift in Sources */ = {isa = PBXBuildFile; fileRef = 23679BC219D56707003354C7 /* TableLevels.swift */; };
		2378D5A11DABA85F0036DC9B /* BarChartFormatter.swift in Sources */ = {isa = PBXBuildFile; fileRef = 2378D5A01DABA85F0036DC9B /* BarChartFormatter.swift */; };
		2378D5A31DABB5BA0036DC9B /* HorizontalBarChartFormatter.swift in Sources */ = {isa = PBXBuildFile; fileRef = 2378D5A21DABB5BA0036DC9B /* HorizontalBarChartFormatter.swift */; };
		23802C9E19CC150900387768 /* Main.storyboard in Resources */ = {isa = PBXBuildFile; fileRef = 23802C9C19CC150900387768 /* Main.storyboard */; };
		23802CA019CC150900387768 /* Images.xcassets in Resources */ = {isa = PBXBuildFile; fileRef = 23802C9F19CC150900387768 /* Images.xcassets */; };
		23802CA319CC150900387768 /* LaunchScreen.xib in Resources */ = {isa = PBXBuildFile; fileRef = 23802CA119CC150900387768 /* LaunchScreen.xib */; };
		23802CAF19CC150900387768 /* CigarettesAndMoneyCounterTests.swift in Sources */ = {isa = PBXBuildFile; fileRef = 23802CAE19CC150900387768 /* CigarettesAndMoneyCounterTests.swift */; };
		23802CBA19CDBD2600387768 /* UserDefaultsDataController.swift in Sources */ = {isa = PBXBuildFile; fileRef = 23802CB919CDBD2600387768 /* UserDefaultsDataController.swift */; };
		238798731CAE9D6100131663 /* layoutSubviewsButtonArrow.swift in Sources */ = {isa = PBXBuildFile; fileRef = 238798721CAE9D6100131663 /* layoutSubviewsButtonArrow.swift */; };
		239232711A45D6F9000714AA /* CigaretteRecord.xcdatamodeld in Sources */ = {isa = PBXBuildFile; fileRef = 2392326F1A45D6F9000714AA /* CigaretteRecord.xcdatamodeld */; };
		239232731A45D7EA000714AA /* CigaretteRecord.swift in Sources */ = {isa = PBXBuildFile; fileRef = 239232721A45D7EA000714AA /* CigaretteRecord.swift */; };
		239C97331B52E7BD0036332C /* CalculatorModal.swift in Sources */ = {isa = PBXBuildFile; fileRef = 239C97321B52E7BD0036332C /* CalculatorModal.swift */; };
		23A3CDEA1B5C1396009CF8D3 /* SwiftEvent.swift in Sources */ = {isa = PBXBuildFile; fileRef = 23A3CDE91B5C1396009CF8D3 /* SwiftEvent.swift */; };
		23A648701C8752CC00C67F58 /* popOverViewController.swift in Sources */ = {isa = PBXBuildFile; fileRef = 23A6486F1C8752CC00C67F58 /* popOverViewController.swift */; };
		23A648741C8AFC6300C67F58 /* MenuViewController.swift in Sources */ = {isa = PBXBuildFile; fileRef = 23A648731C8AFC6300C67F58 /* MenuViewController.swift */; };
		23A85D0D1B11657B000740F6 /* Common.swift in Sources */ = {isa = PBXBuildFile; fileRef = 23A85D0C1B11657B000740F6 /* Common.swift */; };
		23B46BE719E6DE5600CA8984 /* UserDefaultsController.swift in Sources */ = {isa = PBXBuildFile; fileRef = 23B46BE619E6DE5600CA8984 /* UserDefaultsController.swift */; };
		23B47C5C1BA5911500FB881F /* LightMainSceneViewController.swift in Sources */ = {isa = PBXBuildFile; fileRef = 23B47C5B1BA5911500FB881F /* LightMainSceneViewController.swift */; };
		23B47C5E1BA5935900FB881F /* FirstCustomSegue.swift in Sources */ = {isa = PBXBuildFile; fileRef = 23B47C5D1BA5935900FB881F /* FirstCustomSegue.swift */; };
		23D4062B1DA5391A00DCC33A /* Charts.framework in Frameworks */ = {isa = PBXBuildFile; fileRef = 23D406261DA538D100DCC33A /* Charts.framework */; };
		23D4062C1DA5391A00DCC33A /* Charts.framework in Embed Frameworks */ = {isa = PBXBuildFile; fileRef = 23D406261DA538D100DCC33A /* Charts.framework */; settings = {ATTRIBUTES = (CodeSignOnCopy, RemoveHeadersOnCopy, ); }; };
		23E0285F1B4857E9009FA6D6 /* NavViewController.swift in Sources */ = {isa = PBXBuildFile; fileRef = 23E0285E1B4857E9009FA6D6 /* NavViewController.swift */; };
		23E26ACA1C9F304900D87E8E /* btn_plus.png in Resources */ = {isa = PBXBuildFile; fileRef = 23E26AC81C9F304900D87E8E /* btn_plus.png */; };
		23E26ACB1C9F304900D87E8E /* ic_swipup.png in Resources */ = {isa = PBXBuildFile; fileRef = 23E26AC91C9F304900D87E8E /* ic_swipup.png */; };
		23EDCD5E1B9076E500F96F4A /* constants.swift in Sources */ = {isa = PBXBuildFile; fileRef = 23EDCD5D1B9076E500F96F4A /* constants.swift */; };
		23EDCD601B90782300F96F4A /* RGB.swift in Sources */ = {isa = PBXBuildFile; fileRef = 23EDCD5F1B90782300F96F4A /* RGB.swift */; };
		23EF88D51BEA904E006C4EB3 /* CigaretteRecordManager.swift in Sources */ = {isa = PBXBuildFile; fileRef = 23EF88D41BEA904E006C4EB3 /* CigaretteRecordManager.swift */; };
		23F97BDC1C0873FA00A10596 /* SummaryViewController.swift in Sources */ = {isa = PBXBuildFile; fileRef = 23F97BDB1C0873FA00A10596 /* SummaryViewController.swift */; };
		23FC500A1D58F58300AA1063 /* question1ViewController.swift in Sources */ = {isa = PBXBuildFile; fileRef = 23FC50091D58F58300AA1063 /* question1ViewController.swift */; };
/* End PBXBuildFile section */

/* Begin PBXContainerItemProxy section */
		23802CA919CC150900387768 /* PBXContainerItemProxy */ = {
			isa = PBXContainerItemProxy;
			containerPortal = 23802C8B19CC150900387768 /* Project object */;
			proxyType = 1;
			remoteGlobalIDString = 23802C9219CC150900387768;
			remoteInfo = CigarettesAndMoneyCounter;
		};
		23D406251DA538D100DCC33A /* PBXContainerItemProxy */ = {
			isa = PBXContainerItemProxy;
			containerPortal = 23D4061F1DA538D000DCC33A /* Charts.xcodeproj */;
			proxyType = 2;
			remoteGlobalIDString = 06165F241D8110E600722320;
			remoteInfo = Charts;
		};
		23D406271DA538D100DCC33A /* PBXContainerItemProxy */ = {
			isa = PBXContainerItemProxy;
			containerPortal = 23D4061F1DA538D000DCC33A /* Charts.xcodeproj */;
			proxyType = 2;
			remoteGlobalIDString = 06B120D51D811E6200D14B02;
			remoteInfo = ChartsRealm;
		};
		23D406291DA538D100DCC33A /* PBXContainerItemProxy */ = {
			isa = PBXContainerItemProxy;
			containerPortal = 23D4061F1DA538D000DCC33A /* Charts.xcodeproj */;
			proxyType = 2;
			remoteGlobalIDString = 06165F2E1D8110E600722320;
			remoteInfo = ChartsTests;
		};
		23D4062D1DA5391A00DCC33A /* PBXContainerItemProxy */ = {
			isa = PBXContainerItemProxy;
			containerPortal = 23D4061F1DA538D000DCC33A /* Charts.xcodeproj */;
			proxyType = 1;
			remoteGlobalIDString = 06165F231D8110E600722320;
			remoteInfo = Charts;
		};
/* End PBXContainerItemProxy section */

/* Begin PBXCopyFilesBuildPhase section */
		23D4062F1DA5391A00DCC33A /* Embed Frameworks */ = {
			isa = PBXCopyFilesBuildPhase;
			buildActionMask = 2147483647;
			dstPath = "";
			dstSubfolderSpec = 10;
			files = (
				23D4062C1DA5391A00DCC33A /* Charts.framework in Embed Frameworks */,
			);
			name = "Embed Frameworks";
			runOnlyForDeploymentPostprocessing = 0;
		};
/* End PBXCopyFilesBuildPhase section */

/* Begin PBXFileReference section */
		231DD8071D3EB79500E46B09 /* GoogleService-Info.plist */ = {isa = PBXFileReference; fileEncoding = 4; lastKnownFileType = text.plist.xml; path = "GoogleService-Info.plist"; sourceTree = "<group>"; };
		2321B1871CA536F6003F8D35 /* layoutSubviewsButton.swift */ = {isa = PBXFileReference; fileEncoding = 4; lastKnownFileType = sourcecode.swift; path = layoutSubviewsButton.swift; sourceTree = "<group>"; };
		2333B9991D70C62E00081466 /* CigaretteRecord 2.xcdatamodel */ = {isa = PBXFileReference; lastKnownFileType = wrapper.xcdatamodel; path = "CigaretteRecord 2.xcdatamodel"; sourceTree = "<group>"; };
		2333B9A01D71C77D00081466 /* ReasonsManager.swift */ = {isa = PBXFileReference; fileEncoding = 4; lastKnownFileType = sourcecode.swift; path = ReasonsManager.swift; sourceTree = "<group>"; };
		2333B9A21D71C82A00081466 /* Reasons.swift */ = {isa = PBXFileReference; fileEncoding = 4; lastKnownFileType = sourcecode.swift; path = Reasons.swift; sourceTree = "<group>"; };
		2333B9A61D749CB700081466 /* ReasonsTableViewCell.swift */ = {isa = PBXFileReference; fileEncoding = 4; lastKnownFileType = sourcecode.swift; path = ReasonsTableViewCell.swift; sourceTree = "<group>"; };
		233A38A21A34E34700661CDD /* String.swift */ = {isa = PBXFileReference; fileEncoding = 4; lastKnownFileType = sourcecode.swift; path = String.swift; sourceTree = "<group>"; };
		234E42D11C81CEF600185D9C /* GlobalUIViewController.swift */ = {isa = PBXFileReference; fileEncoding = 4; lastKnownFileType = sourcecode.swift; path = GlobalUIViewController.swift; sourceTree = "<group>"; };
		234E42D91C82208C00185D9C /* CircularLoaderView.swift */ = {isa = PBXFileReference; fileEncoding = 4; lastKnownFileType = sourcecode.swift; path = CircularLoaderView.swift; sourceTree = "<group>"; };
		235A0E051C381BF400F12DAD /* ChartColorTemplates.swift */ = {isa = PBXFileReference; fileEncoding = 4; lastKnownFileType = sourcecode.swift; path = ChartColorTemplates.swift; sourceTree = "<group>"; };
		235E256D1A56AD840050EBAA /* RowManagerViewController.swift */ = {isa = PBXFileReference; fileEncoding = 4; lastKnownFileType = sourcecode.swift; name = RowManagerViewController.swift; path = ../RowManagerViewController.swift; sourceTree = "<group>"; };
		23679BC019D5664A003354C7 /* Levels.swift */ = {isa = PBXFileReference; fileEncoding = 4; lastKnownFileType = sourcecode.swift; path = Levels.swift; sourceTree = "<group>"; };
		23679BC219D56707003354C7 /* TableLevels.swift */ = {isa = PBXFileReference; fileEncoding = 4; lastKnownFileType = sourcecode.swift; path = TableLevels.swift; sourceTree = "<group>"; };
		2378D5A01DABA85F0036DC9B /* BarChartFormatter.swift */ = {isa = PBXFileReference; fileEncoding = 4; lastKnownFileType = sourcecode.swift; path = BarChartFormatter.swift; sourceTree = "<group>"; };
		2378D5A21DABB5BA0036DC9B /* HorizontalBarChartFormatter.swift */ = {isa = PBXFileReference; fileEncoding = 4; lastKnownFileType = sourcecode.swift; path = HorizontalBarChartFormatter.swift; sourceTree = "<group>"; };
		23802C9319CC150900387768 /* CigarettesAndMoneyCounter.app */ = {isa = PBXFileReference; explicitFileType = wrapper.application; includeInIndex = 0; path = CigarettesAndMoneyCounter.app; sourceTree = BUILT_PRODUCTS_DIR; };
		23802C9719CC150900387768 /* Info.plist */ = {isa = PBXFileReference; lastKnownFileType = text.plist.xml; path = Info.plist; sourceTree = "<group>"; };
		23802C9819CC150900387768 /* AppDelegate.swift */ = {isa = PBXFileReference; lastKnownFileType = sourcecode.swift; path = AppDelegate.swift; sourceTree = "<group>"; };
		23802C9D19CC150900387768 /* Base */ = {isa = PBXFileReference; lastKnownFileType = file.storyboard; name = Base; path = Base.lproj/Main.storyboard; sourceTree = "<group>"; };
		23802C9F19CC150900387768 /* Images.xcassets */ = {isa = PBXFileReference; lastKnownFileType = folder.assetcatalog; path = Images.xcassets; sourceTree = "<group>"; };
		23802CA219CC150900387768 /* Base */ = {isa = PBXFileReference; lastKnownFileType = file.xib; name = Base; path = Base.lproj/LaunchScreen.xib; sourceTree = "<group>"; };
		23802CA819CC150900387768 /* CigarettesAndMoneyCounter.xctest */ = {isa = PBXFileReference; explicitFileType = wrapper.cfbundle; includeInIndex = 0; path = CigarettesAndMoneyCounter.xctest; sourceTree = BUILT_PRODUCTS_DIR; };
		23802CAD19CC150900387768 /* Info.plist */ = {isa = PBXFileReference; lastKnownFileType = text.plist.xml; path = Info.plist; sourceTree = "<group>"; };
		23802CAE19CC150900387768 /* CigarettesAndMoneyCounterTests.swift */ = {isa = PBXFileReference; lastKnownFileType = sourcecode.swift; path = CigarettesAndMoneyCounterTests.swift; sourceTree = "<group>"; };
		23802CB919CDBD2600387768 /* UserDefaultsDataController.swift */ = {isa = PBXFileReference; fileEncoding = 4; lastKnownFileType = sourcecode.swift; path = UserDefaultsDataController.swift; sourceTree = "<group>"; };
		238798721CAE9D6100131663 /* layoutSubviewsButtonArrow.swift */ = {isa = PBXFileReference; fileEncoding = 4; lastKnownFileType = sourcecode.swift; path = layoutSubviewsButtonArrow.swift; sourceTree = "<group>"; };
		239232701A45D6F9000714AA /* CigaretteRecord.xcdatamodel */ = {isa = PBXFileReference; lastKnownFileType = wrapper.xcdatamodel; path = CigaretteRecord.xcdatamodel; sourceTree = "<group>"; };
		239232721A45D7EA000714AA /* CigaretteRecord.swift */ = {isa = PBXFileReference; fileEncoding = 4; lastKnownFileType = sourcecode.swift; path = CigaretteRecord.swift; sourceTree = "<group>"; };
		239C97321B52E7BD0036332C /* CalculatorModal.swift */ = {isa = PBXFileReference; fileEncoding = 4; lastKnownFileType = sourcecode.swift; path = CalculatorModal.swift; sourceTree = "<group>"; };
		23A3CDE91B5C1396009CF8D3 /* SwiftEvent.swift */ = {isa = PBXFileReference; fileEncoding = 4; lastKnownFileType = sourcecode.swift; path = SwiftEvent.swift; sourceTree = "<group>"; };
		23A6486F1C8752CC00C67F58 /* popOverViewController.swift */ = {isa = PBXFileReference; fileEncoding = 4; lastKnownFileType = sourcecode.swift; path = popOverViewController.swift; sourceTree = "<group>"; };
		23A648731C8AFC6300C67F58 /* MenuViewController.swift */ = {isa = PBXFileReference; fileEncoding = 4; lastKnownFileType = sourcecode.swift; path = MenuViewController.swift; sourceTree = "<group>"; };
		23A85D0C1B11657B000740F6 /* Common.swift */ = {isa = PBXFileReference; fileEncoding = 4; lastKnownFileType = sourcecode.swift; path = Common.swift; sourceTree = "<group>"; };
		23B46BE619E6DE5600CA8984 /* UserDefaultsController.swift */ = {isa = PBXFileReference; fileEncoding = 4; lastKnownFileType = sourcecode.swift; path = UserDefaultsController.swift; sourceTree = "<group>"; };
		23B47C5B1BA5911500FB881F /* LightMainSceneViewController.swift */ = {isa = PBXFileReference; fileEncoding = 4; lastKnownFileType = sourcecode.swift; path = LightMainSceneViewController.swift; sourceTree = "<group>"; };
		23B47C5D1BA5935900FB881F /* FirstCustomSegue.swift */ = {isa = PBXFileReference; fileEncoding = 4; lastKnownFileType = sourcecode.swift; name = FirstCustomSegue.swift; path = Segues/FirstCustomSegue.swift; sourceTree = "<group>"; };
		23D4061F1DA538D000DCC33A /* Charts.xcodeproj */ = {isa = PBXFileReference; lastKnownFileType = "wrapper.pb-project"; name = Charts.xcodeproj; path = Charts/Charts.xcodeproj; sourceTree = SOURCE_ROOT; };
		23E0285E1B4857E9009FA6D6 /* NavViewController.swift */ = {isa = PBXFileReference; fileEncoding = 4; lastKnownFileType = sourcecode.swift; path = NavViewController.swift; sourceTree = "<group>"; };
		23E26AC81C9F304900D87E8E /* btn_plus.png */ = {isa = PBXFileReference; lastKnownFileType = image.png; path = btn_plus.png; sourceTree = "<group>"; };
		23E26AC91C9F304900D87E8E /* ic_swipup.png */ = {isa = PBXFileReference; lastKnownFileType = image.png; path = ic_swipup.png; sourceTree = "<group>"; };
		23EDCD5D1B9076E500F96F4A /* constants.swift */ = {isa = PBXFileReference; fileEncoding = 4; lastKnownFileType = sourcecode.swift; path = constants.swift; sourceTree = "<group>"; };
		23EDCD5F1B90782300F96F4A /* RGB.swift */ = {isa = PBXFileReference; fileEncoding = 4; lastKnownFileType = sourcecode.swift; path = RGB.swift; sourceTree = "<group>"; };
		23EF88D41BEA904E006C4EB3 /* CigaretteRecordManager.swift */ = {isa = PBXFileReference; fileEncoding = 4; lastKnownFileType = sourcecode.swift; path = CigaretteRecordManager.swift; sourceTree = "<group>"; };
		23F97BDB1C0873FA00A10596 /* SummaryViewController.swift */ = {isa = PBXFileReference; fileEncoding = 4; lastKnownFileType = sourcecode.swift; path = SummaryViewController.swift; sourceTree = "<group>"; };
		23FC50091D58F58300AA1063 /* question1ViewController.swift */ = {isa = PBXFileReference; fileEncoding = 4; lastKnownFileType = sourcecode.swift; path = question1ViewController.swift; sourceTree = "<group>"; };
/* End PBXFileReference section */

/* Begin PBXFrameworksBuildPhase section */
		23802C9019CC150900387768 /* Frameworks */ = {
			isa = PBXFrameworksBuildPhase;
			buildActionMask = 2147483647;
			files = (
				23D4062B1DA5391A00DCC33A /* Charts.framework in Frameworks */,
			);
			runOnlyForDeploymentPostprocessing = 0;
		};
		23802CA519CC150900387768 /* Frameworks */ = {
			isa = PBXFrameworksBuildPhase;
			buildActionMask = 2147483647;
			files = (
			);
			runOnlyForDeploymentPostprocessing = 0;
		};
/* End PBXFrameworksBuildPhase section */

/* Begin PBXGroup section */
		2333B99A1D70C6EE00081466 /* CoreData */ = {
			isa = PBXGroup;
			children = (
				2333B9A51D71C88900081466 /* DataModel */,
				2333B9A41D71C83300081466 /* EntitiesDefinition */,
				23ED1A7C1B3ED1810034F8A2 /* FetchResults */,
			);
			name = CoreData;
			sourceTree = "<group>";
		};
		2333B99D1D71931600081466 /* UserDefaults */ = {
			isa = PBXGroup;
			children = (
				23802CB919CDBD2600387768 /* UserDefaultsDataController.swift */,
			);
			name = UserDefaults;
			sourceTree = "<group>";
		};
		2333B99E1D719CEB00081466 /* Views */ = {
			isa = PBXGroup;
			children = (
				238798721CAE9D6100131663 /* layoutSubviewsButtonArrow.swift */,
				2321B1871CA536F6003F8D35 /* layoutSubviewsButton.swift */,
				234E42D61C82206500185D9C /* CircularLoader */,
			);
			name = Views;
			sourceTree = "<group>";
		};
		2333B99F1D719D3100081466 /* Models */ = {
			isa = PBXGroup;
			children = (
				2378D59D1DABA8430036DC9B /* Charts */,
				239C972F1B52DC3B0036332C /* Calculator */,
				23B47C611BA593A500FB881F /* Segues */,
			);
			name = Models;
			sourceTree = "<group>";
		};
		2333B9A41D71C83300081466 /* EntitiesDefinition */ = {
			isa = PBXGroup;
			children = (
				239232721A45D7EA000714AA /* CigaretteRecord.swift */,
				2333B9A21D71C82A00081466 /* Reasons.swift */,
			);
			name = EntitiesDefinition;
			sourceTree = "<group>";
		};
		2333B9A51D71C88900081466 /* DataModel */ = {
			isa = PBXGroup;
			children = (
				2392326F1A45D6F9000714AA /* CigaretteRecord.xcdatamodeld */,
			);
			name = DataModel;
			sourceTree = "<group>";
		};
		233A38A11A34E26A00661CDD /* Extantion */ = {
			isa = PBXGroup;
			children = (
				233A38A21A34E34700661CDD /* String.swift */,
			);
			name = Extantion;
			sourceTree = "<group>";
		};
		234E42D61C82206500185D9C /* CircularLoader */ = {
			isa = PBXGroup;
			children = (
				234E42D91C82208C00185D9C /* CircularLoaderView.swift */,
			);
			name = CircularLoader;
			sourceTree = "<group>";
		};
		237205991C4970420051ABD8 /* Images */ = {
			isa = PBXGroup;
			children = (
				23E26AC81C9F304900D87E8E /* btn_plus.png */,
				23E26AC91C9F304900D87E8E /* ic_swipup.png */,
			);
			name = Images;
			sourceTree = "<group>";
		};
		2378D59D1DABA8430036DC9B /* Charts */ = {
			isa = PBXGroup;
			children = (
				2378D5A01DABA85F0036DC9B /* BarChartFormatter.swift */,
				2378D5A21DABB5BA0036DC9B /* HorizontalBarChartFormatter.swift */,
			);
			name = Charts;
			sourceTree = "<group>";
		};
		23802C8A19CC150900387768 = {
			isa = PBXGroup;
			children = (
				23802C9519CC150900387768 /* CigarettesAndMoneyCounter */,
				23802CAB19CC150900387768 /* CigarettesAndMoneyCounterTests */,
				23802C9419CC150900387768 /* Products */,
			);
			sourceTree = "<group>";
		};
		23802C9419CC150900387768 /* Products */ = {
			isa = PBXGroup;
			children = (
				23802C9319CC150900387768 /* CigarettesAndMoneyCounter.app */,
				23802CA819CC150900387768 /* CigarettesAndMoneyCounter.xctest */,
			);
			name = Products;
			sourceTree = "<group>";
		};
		23802C9519CC150900387768 /* CigarettesAndMoneyCounter */ = {
			isa = PBXGroup;
			children = (
				23D4061F1DA538D000DCC33A /* Charts.xcodeproj */,
				2333B99F1D719D3100081466 /* Models */,
				2333B99E1D719CEB00081466 /* Views */,
				2333B99D1D71931600081466 /* UserDefaults */,
				2333B99A1D70C6EE00081466 /* CoreData */,
				231DD8071D3EB79500E46B09 /* GoogleService-Info.plist */,
				23A648751C8B1D8C00C67F58 /* Controllers */,
				237205991C4970420051ABD8 /* Images */,
				23EDCD5C1B9076C900F96F4A /* MISC */,
				233A38A11A34E26A00661CDD /* Extantion */,
				23802C9819CC150900387768 /* AppDelegate.swift */,
				23A85D0C1B11657B000740F6 /* Common.swift */,
				23802C9C19CC150900387768 /* Main.storyboard */,
				23802C9F19CC150900387768 /* Images.xcassets */,
				23802CA119CC150900387768 /* LaunchScreen.xib */,
				23802C9619CC150900387768 /* Supporting Files */,
			);
			path = CigarettesAndMoneyCounter;
			sourceTree = "<group>";
		};
		23802C9619CC150900387768 /* Supporting Files */ = {
			isa = PBXGroup;
			children = (
				23802C9719CC150900387768 /* Info.plist */,
			);
			name = "Supporting Files";
			sourceTree = "<group>";
		};
		23802CAB19CC150900387768 /* CigarettesAndMoneyCounterTests */ = {
			isa = PBXGroup;
			children = (
				23802CAE19CC150900387768 /* CigarettesAndMoneyCounterTests.swift */,
				23802CAC19CC150900387768 /* Supporting Files */,
			);
			path = CigarettesAndMoneyCounterTests;
			sourceTree = "<group>";
		};
		23802CAC19CC150900387768 /* Supporting Files */ = {
			isa = PBXGroup;
			children = (
				23802CAD19CC150900387768 /* Info.plist */,
			);
			name = "Supporting Files";
			sourceTree = "<group>";
		};
		239C972F1B52DC3B0036332C /* Calculator */ = {
			isa = PBXGroup;
			children = (
				239C97321B52E7BD0036332C /* CalculatorModal.swift */,
				23A3CDE91B5C1396009CF8D3 /* SwiftEvent.swift */,
			);
			name = Calculator;
			sourceTree = "<group>";
		};
		23A648751C8B1D8C00C67F58 /* Controllers */ = {
			isa = PBXGroup;
			children = (
				235E256D1A56AD840050EBAA /* RowManagerViewController.swift */,
				23B46BE619E6DE5600CA8984 /* UserDefaultsController.swift */,
				23679BC219D56707003354C7 /* TableLevels.swift */,
				23E0285E1B4857E9009FA6D6 /* NavViewController.swift */,
				23A6486F1C8752CC00C67F58 /* popOverViewController.swift */,
				23A648731C8AFC6300C67F58 /* MenuViewController.swift */,
				234E42D11C81CEF600185D9C /* GlobalUIViewController.swift */,
				23B47C5B1BA5911500FB881F /* LightMainSceneViewController.swift */,
				23F97BDB1C0873FA00A10596 /* SummaryViewController.swift */,
				23FC50091D58F58300AA1063 /* question1ViewController.swift */,
				2333B9A61D749CB700081466 /* ReasonsTableViewCell.swift */,
			);
			name = Controllers;
			sourceTree = "<group>";
		};
		23B47C611BA593A500FB881F /* Segues */ = {
			isa = PBXGroup;
			children = (
				23B47C5D1BA5935900FB881F /* FirstCustomSegue.swift */,
			);
			name = Segues;
			sourceTree = "<group>";
		};
		23D406201DA538D000DCC33A /* Products */ = {
			isa = PBXGroup;
			children = (
				23D406261DA538D100DCC33A /* Charts.framework */,
				23D406281DA538D100DCC33A /* ChartsRealm.framework */,
				23D4062A1DA538D100DCC33A /* ChartsTests.xctest */,
			);
			name = Products;
			sourceTree = "<group>";
		};
		23ED1A7C1B3ED1810034F8A2 /* FetchResults */ = {
			isa = PBXGroup;
			children = (
				23EF88D41BEA904E006C4EB3 /* CigaretteRecordManager.swift */,
				2333B9A01D71C77D00081466 /* ReasonsManager.swift */,
			);
			name = FetchResults;
			sourceTree = "<group>";
		};
		23EDCD5C1B9076C900F96F4A /* MISC */ = {
			isa = PBXGroup;
			children = (
				23679BC019D5664A003354C7 /* Levels.swift */,
				235A0E051C381BF400F12DAD /* ChartColorTemplates.swift */,
				23EDCD5D1B9076E500F96F4A /* constants.swift */,
				23EDCD5F1B90782300F96F4A /* RGB.swift */,
			);
			name = MISC;
			sourceTree = "<group>";
		};
/* End PBXGroup section */

/* Begin PBXNativeTarget section */
		23802C9219CC150900387768 /* CigarettesAndMoneyCounter */ = {
			isa = PBXNativeTarget;
			buildConfigurationList = 23802CB219CC150900387768 /* Build configuration list for PBXNativeTarget "CigarettesAndMoneyCounter" */;
			buildPhases = (
				23802C8F19CC150900387768 /* Sources */,
				23802C9019CC150900387768 /* Frameworks */,
				23802C9119CC150900387768 /* Resources */,
				23D4062F1DA5391A00DCC33A /* Embed Frameworks */,
			);
			buildRules = (
			);
			dependencies = (
				23D4062E1DA5391A00DCC33A /* PBXTargetDependency */,
			);
			name = CigarettesAndMoneyCounter;
			productName = CigarettesAndMoneyCounter;
			productReference = 23802C9319CC150900387768 /* CigarettesAndMoneyCounter.app */;
			productType = "com.apple.product-type.application";
		};
		23802CA719CC150900387768 /* CigarettesAndMoneyCounterTests */ = {
			isa = PBXNativeTarget;
			buildConfigurationList = 23802CB519CC150900387768 /* Build configuration list for PBXNativeTarget "CigarettesAndMoneyCounterTests" */;
			buildPhases = (
				23802CA419CC150900387768 /* Sources */,
				23802CA519CC150900387768 /* Frameworks */,
				23802CA619CC150900387768 /* Resources */,
			);
			buildRules = (
			);
			dependencies = (
				23802CAA19CC150900387768 /* PBXTargetDependency */,
			);
			name = CigarettesAndMoneyCounterTests;
			productName = CigarettesAndMoneyCounterTests;
			productReference = 23802CA819CC150900387768 /* CigarettesAndMoneyCounter.xctest */;
			productType = "com.apple.product-type.bundle.unit-test";
		};
/* End PBXNativeTarget section */

/* Begin PBXProject section */
		23802C8B19CC150900387768 /* Project object */ = {
			isa = PBXProject;
			attributes = {
				LastSwiftMigration = 0710;
				LastSwiftUpdateCheck = 0720;
				LastUpgradeCheck = 0800;
				ORGANIZATIONNAME = "Tania Berezovski";
				TargetAttributes = {
					23802C9219CC150900387768 = {
						CreatedOnToolsVersion = 6.0.1;
						DevelopmentTeam = HS2EBXX3A9;
						LastSwiftMigration = 0800;
					};
					23802CA719CC150900387768 = {
						CreatedOnToolsVersion = 6.0.1;
						LastSwiftMigration = 0800;
						TestTargetID = 23802C9219CC150900387768;
					};
				};
			};
			buildConfigurationList = 23802C8E19CC150900387768 /* Build configuration list for PBXProject "CigarettesAndMoneyCounter" */;
			compatibilityVersion = "Xcode 3.2";
			developmentRegion = English;
			hasScannedForEncodings = 0;
			knownRegions = (
				en,
				Base,
			);
			mainGroup = 23802C8A19CC150900387768;
			productRefGroup = 23802C9419CC150900387768 /* Products */;
			projectDirPath = "";
			projectReferences = (
				{
					ProductGroup = 23D406201DA538D000DCC33A /* Products */;
					ProjectRef = 23D4061F1DA538D000DCC33A /* Charts.xcodeproj */;
				},
			);
			projectRoot = "";
			targets = (
				23802C9219CC150900387768 /* CigarettesAndMoneyCounter */,
				23802CA719CC150900387768 /* CigarettesAndMoneyCounterTests */,
			);
		};
/* End PBXProject section */

/* Begin PBXReferenceProxy section */
		23D406261DA538D100DCC33A /* Charts.framework */ = {
			isa = PBXReferenceProxy;
			fileType = wrapper.framework;
			path = Charts.framework;
			remoteRef = 23D406251DA538D100DCC33A /* PBXContainerItemProxy */;
			sourceTree = BUILT_PRODUCTS_DIR;
		};
		23D406281DA538D100DCC33A /* ChartsRealm.framework */ = {
			isa = PBXReferenceProxy;
			fileType = wrapper.framework;
			path = ChartsRealm.framework;
			remoteRef = 23D406271DA538D100DCC33A /* PBXContainerItemProxy */;
			sourceTree = BUILT_PRODUCTS_DIR;
		};
		23D4062A1DA538D100DCC33A /* ChartsTests.xctest */ = {
			isa = PBXReferenceProxy;
			fileType = wrapper.cfbundle;
			path = ChartsTests.xctest;
			remoteRef = 23D406291DA538D100DCC33A /* PBXContainerItemProxy */;
			sourceTree = BUILT_PRODUCTS_DIR;
		};
/* End PBXReferenceProxy section */

/* Begin PBXResourcesBuildPhase section */
		23802C9119CC150900387768 /* Resources */ = {
			isa = PBXResourcesBuildPhase;
			buildActionMask = 2147483647;
			files = (
				231DD8081D3EB79500E46B09 /* GoogleService-Info.plist in Resources */,
				23802C9E19CC150900387768 /* Main.storyboard in Resources */,
				23802CA319CC150900387768 /* LaunchScreen.xib in Resources */,
				23E26ACA1C9F304900D87E8E /* btn_plus.png in Resources */,
				23802CA019CC150900387768 /* Images.xcassets in Resources */,
				23E26ACB1C9F304900D87E8E /* ic_swipup.png in Resources */,
			);
			runOnlyForDeploymentPostprocessing = 0;
		};
		23802CA619CC150900387768 /* Resources */ = {
			isa = PBXResourcesBuildPhase;
			buildActionMask = 2147483647;
			files = (
			);
			runOnlyForDeploymentPostprocessing = 0;
		};
/* End PBXResourcesBuildPhase section */

/* Begin PBXSourcesBuildPhase section */
		23802C8F19CC150900387768 /* Sources */ = {
			isa = PBXSourcesBuildPhase;
			buildActionMask = 2147483647;
			files = (
				23EDCD601B90782300F96F4A /* RGB.swift in Sources */,
				23EF88D51BEA904E006C4EB3 /* CigaretteRecordManager.swift in Sources */,
				23802CBA19CDBD2600387768 /* UserDefaultsDataController.swift in Sources */,
				2333B9A31D71C82A00081466 /* Reasons.swift in Sources */,
				23679BC119D5664A003354C7 /* Levels.swift in Sources */,
				23F97BDC1C0873FA00A10596 /* SummaryViewController.swift in Sources */,
				239C97331B52E7BD0036332C /* CalculatorModal.swift in Sources */,
				23FC500A1D58F58300AA1063 /* question1ViewController.swift in Sources */,
				2335C0D21DB3A2B100162980 /* AppDelegate.swift in Sources */,
				23A85D0D1B11657B000740F6 /* Common.swift in Sources */,
				23B47C5E1BA5935900FB881F /* FirstCustomSegue.swift in Sources */,
				23B47C5C1BA5911500FB881F /* LightMainSceneViewController.swift in Sources */,
				239232731A45D7EA000714AA /* CigaretteRecord.swift in Sources */,
				23EDCD5E1B9076E500F96F4A /* constants.swift in Sources */,
				238798731CAE9D6100131663 /* layoutSubviewsButtonArrow.swift in Sources */,
				239232711A45D6F9000714AA /* CigaretteRecord.xcdatamodeld in Sources */,
				233A38A31A34E34700661CDD /* String.swift in Sources */,
				235E256E1A56AD840050EBAA /* RowManagerViewController.swift in Sources */,
				23B46BE719E6DE5600CA8984 /* UserDefaultsController.swift in Sources */,
				23A3CDEA1B5C1396009CF8D3 /* SwiftEvent.swift in Sources */,
				23E0285F1B4857E9009FA6D6 /* NavViewController.swift in Sources */,
				234E42DA1C82208C00185D9C /* CircularLoaderView.swift in Sources */,
				23A648741C8AFC6300C67F58 /* MenuViewController.swift in Sources */,
				234E42D21C81CEF600185D9C /* GlobalUIViewController.swift in Sources */,
				2378D5A11DABA85F0036DC9B /* BarChartFormatter.swift in Sources */,
				235A0E061C381BF400F12DAD /* ChartColorTemplates.swift in Sources */,
				23A648701C8752CC00C67F58 /* popOverViewController.swift in Sources */,
				2333B9A11D71C77D00081466 /* ReasonsManager.swift in Sources */,
				2333B9A71D749CB700081466 /* ReasonsTableViewCell.swift in Sources */,
				2321B1881CA536F6003F8D35 /* layoutSubviewsButton.swift in Sources */,
				23679BC319D56707003354C7 /* TableLevels.swift in Sources */,
				2378D5A31DABB5BA0036DC9B /* HorizontalBarChartFormatter.swift in Sources */,
			);
			runOnlyForDeploymentPostprocessing = 0;
		};
		23802CA419CC150900387768 /* Sources */ = {
			isa = PBXSourcesBuildPhase;
			buildActionMask = 2147483647;
			files = (
				23802CAF19CC150900387768 /* CigarettesAndMoneyCounterTests.swift in Sources */,
			);
			runOnlyForDeploymentPostprocessing = 0;
		};
/* End PBXSourcesBuildPhase section */

/* Begin PBXTargetDependency section */
		23802CAA19CC150900387768 /* PBXTargetDependency */ = {
			isa = PBXTargetDependency;
			target = 23802C9219CC150900387768 /* CigarettesAndMoneyCounter */;
			targetProxy = 23802CA919CC150900387768 /* PBXContainerItemProxy */;
		};
		23D4062E1DA5391A00DCC33A /* PBXTargetDependency */ = {
			isa = PBXTargetDependency;
			name = Charts;
			targetProxy = 23D4062D1DA5391A00DCC33A /* PBXContainerItemProxy */;
		};
/* End PBXTargetDependency section */

/* Begin PBXVariantGroup section */
		23802C9C19CC150900387768 /* Main.storyboard */ = {
			isa = PBXVariantGroup;
			children = (
				23802C9D19CC150900387768 /* Base */,
			);
			name = Main.storyboard;
			sourceTree = "<group>";
		};
		23802CA119CC150900387768 /* LaunchScreen.xib */ = {
			isa = PBXVariantGroup;
			children = (
				23802CA219CC150900387768 /* Base */,
			);
			name = LaunchScreen.xib;
			sourceTree = "<group>";
		};
/* End PBXVariantGroup section */

/* Begin XCBuildConfiguration section */
		23802CB019CC150900387768 /* Debug */ = {
			isa = XCBuildConfiguration;
			buildSettings = {
				ALWAYS_SEARCH_USER_PATHS = NO;
				CLANG_CXX_LANGUAGE_STANDARD = "gnu++0x";
				CLANG_CXX_LIBRARY = "libc++";
				CLANG_ENABLE_MODULES = YES;
				CLANG_ENABLE_OBJC_ARC = YES;
				CLANG_WARN_BOOL_CONVERSION = YES;
				CLANG_WARN_CONSTANT_CONVERSION = YES;
				CLANG_WARN_DIRECT_OBJC_ISA_USAGE = YES_ERROR;
				CLANG_WARN_EMPTY_BODY = YES;
				CLANG_WARN_ENUM_CONVERSION = YES;
				CLANG_WARN_INFINITE_RECURSION = YES;
				CLANG_WARN_INT_CONVERSION = YES;
				CLANG_WARN_OBJC_ROOT_CLASS = YES_ERROR;
				CLANG_WARN_SUSPICIOUS_MOVE = YES;
				CLANG_WARN_UNREACHABLE_CODE = YES;
				CLANG_WARN__DUPLICATE_METHOD_MATCH = YES;
				CODE_SIGN_IDENTITY = "iPhone Developer: cokacolata@gmail.com (FBXE88PM82)";
				"CODE_SIGN_IDENTITY[sdk=iphoneos*]" = "iPhone Developer";
				COPY_PHASE_STRIP = NO;
				ENABLE_STRICT_OBJC_MSGSEND = YES;
				ENABLE_TESTABILITY = YES;
				GCC_C_LANGUAGE_STANDARD = gnu99;
				GCC_DYNAMIC_NO_PIC = NO;
				GCC_NO_COMMON_BLOCKS = YES;
				GCC_OPTIMIZATION_LEVEL = 0;
				GCC_PREPROCESSOR_DEFINITIONS = (
					"DEBUG=1",
					"$(inherited)",
				);
				GCC_SYMBOLS_PRIVATE_EXTERN = NO;
				GCC_WARN_64_TO_32_BIT_CONVERSION = YES;
				GCC_WARN_ABOUT_RETURN_TYPE = YES_ERROR;
				GCC_WARN_UNDECLARED_SELECTOR = YES;
				GCC_WARN_UNINITIALIZED_AUTOS = YES_AGGRESSIVE;
				GCC_WARN_UNUSED_FUNCTION = YES;
				GCC_WARN_UNUSED_VARIABLE = YES;
				IPHONEOS_DEPLOYMENT_TARGET = 8.0;
				MTL_ENABLE_DEBUG_INFO = YES;
				ONLY_ACTIVE_ARCH = YES;
				SDKROOT = iphoneos;
				SWIFT_OPTIMIZATION_LEVEL = "-Onone";
			};
			name = Debug;
		};
		23802CB119CC150900387768 /* Release */ = {
			isa = XCBuildConfiguration;
			buildSettings = {
				ALWAYS_SEARCH_USER_PATHS = NO;
				CLANG_CXX_LANGUAGE_STANDARD = "gnu++0x";
				CLANG_CXX_LIBRARY = "libc++";
				CLANG_ENABLE_MODULES = YES;
				CLANG_ENABLE_OBJC_ARC = YES;
				CLANG_WARN_BOOL_CONVERSION = YES;
				CLANG_WARN_CONSTANT_CONVERSION = YES;
				CLANG_WARN_DIRECT_OBJC_ISA_USAGE = YES_ERROR;
				CLANG_WARN_EMPTY_BODY = YES;
				CLANG_WARN_ENUM_CONVERSION = YES;
				CLANG_WARN_INFINITE_RECURSION = YES;
				CLANG_WARN_INT_CONVERSION = YES;
				CLANG_WARN_OBJC_ROOT_CLASS = YES_ERROR;
				CLANG_WARN_SUSPICIOUS_MOVE = YES;
				CLANG_WARN_UNREACHABLE_CODE = YES;
				CLANG_WARN__DUPLICATE_METHOD_MATCH = YES;
				CODE_SIGN_IDENTITY = "iPhone Distribution: Tatiana Berezovsky (HS2EBXX3A9)";
				"CODE_SIGN_IDENTITY[sdk=iphoneos*]" = "iPhone Developer";
				COPY_PHASE_STRIP = YES;
				ENABLE_NS_ASSERTIONS = NO;
				ENABLE_STRICT_OBJC_MSGSEND = YES;
				GCC_C_LANGUAGE_STANDARD = gnu99;
				GCC_NO_COMMON_BLOCKS = YES;
				GCC_WARN_64_TO_32_BIT_CONVERSION = YES;
				GCC_WARN_ABOUT_RETURN_TYPE = YES_ERROR;
				GCC_WARN_UNDECLARED_SELECTOR = YES;
				GCC_WARN_UNINITIALIZED_AUTOS = YES_AGGRESSIVE;
				GCC_WARN_UNUSED_FUNCTION = YES;
				GCC_WARN_UNUSED_VARIABLE = YES;
				IPHONEOS_DEPLOYMENT_TARGET = 8.0;
				MTL_ENABLE_DEBUG_INFO = NO;
				SDKROOT = iphoneos;
				SWIFT_OPTIMIZATION_LEVEL = "-Owholemodule";
				VALIDATE_PRODUCT = YES;
			};
			name = Release;
		};
		23802CB319CC150900387768 /* Debug */ = {
			isa = XCBuildConfiguration;
			buildSettings = {
				ALWAYS_EMBED_SWIFT_STANDARD_LIBRARIES = YES;
				ASSETCATALOG_COMPILER_APPICON_NAME = AppIcon;
				CLANG_ENABLE_MODULES = YES;
				CODE_SIGN_IDENTITY = "iPhone Developer: cokacolata@gmail.com (FBXE88PM82)";
				"CODE_SIGN_IDENTITY[sdk=iphoneos*]" = "iPhone Developer";
				INFOPLIST_FILE = CigarettesAndMoneyCounter/Info.plist;
				IPHONEOS_DEPLOYMENT_TARGET = 9.0;
				LD_RUNPATH_SEARCH_PATHS = "$(inherited) @executable_path/Frameworks";
				PRODUCT_BUNDLE_IDENTIFIER = com.TanyaBerezovsky.SmokieStopie;
				PRODUCT_NAME = CigarettesAndMoneyCounter;
				PROVISIONING_PROFILE = "";
				SWIFT_INSTALL_OBJC_HEADER = YES;
				SWIFT_OPTIMIZATION_LEVEL = "-Onone";
				SWIFT_VERSION = 3.0;
			};
			name = Debug;
		};
		23802CB419CC150900387768 /* Release */ = {
			isa = XCBuildConfiguration;
			buildSettings = {
				ALWAYS_EMBED_SWIFT_STANDARD_LIBRARIES = YES;
				ASSETCATALOG_COMPILER_APPICON_NAME = AppIcon;
				CLANG_ENABLE_MODULES = YES;
				CODE_SIGN_IDENTITY = "iPhone Distribution: Tatiana Berezovsky (HS2EBXX3A9)";
				"CODE_SIGN_IDENTITY[sdk=iphoneos*]" = "iPhone Developer";
				INFOPLIST_FILE = CigarettesAndMoneyCounter/Info.plist;
				IPHONEOS_DEPLOYMENT_TARGET = 9.0;
				LD_RUNPATH_SEARCH_PATHS = "$(inherited) @executable_path/Frameworks";
				PRODUCT_BUNDLE_IDENTIFIER = com.TanyaBerezovsky.SmokieStopie;
				PRODUCT_NAME = CigarettesAndMoneyCounter;
				PROVISIONING_PROFILE = "";
				SWIFT_INSTALL_OBJC_HEADER = YES;
				SWIFT_VERSION = 3.0;
			};
			name = Release;
		};
		23802CB619CC150900387768 /* Debug */ = {
			isa = XCBuildConfiguration;
			buildSettings = {
				BUNDLE_LOADER = "$(TEST_HOST)";
				FRAMEWORK_SEARCH_PATHS = (
					"$(SDKROOT)/Developer/Library/Frameworks",
					"$(inherited)",
				);
				GCC_PREPROCESSOR_DEFINITIONS = (
					"DEBUG=1",
					"$(inherited)",
				);
				INFOPLIST_FILE = CigarettesAndMoneyCounterTests/Info.plist;
				LD_RUNPATH_SEARCH_PATHS = "$(inherited) @executable_path/Frameworks @loader_path/Frameworks";
				PRODUCT_BUNDLE_IDENTIFIER = "krote.dom.tania.$(PRODUCT_NAME:rfc1034identifier)";
				PRODUCT_NAME = CigarettesAndMoneyCounter;
				SWIFT_VERSION = 3.0;
				TEST_HOST = "$(BUILT_PRODUCTS_DIR)/CigarettesAndMoneyCounter.app/CigarettesAndMoneyCounter";
			};
			name = Debug;
		};
		23802CB719CC150900387768 /* Release */ = {
			isa = XCBuildConfiguration;
			buildSettings = {
				BUNDLE_LOADER = "$(TEST_HOST)";
				FRAMEWORK_SEARCH_PATHS = (
					"$(SDKROOT)/Developer/Library/Frameworks",
					"$(inherited)",
				);
				INFOPLIST_FILE = CigarettesAndMoneyCounterTests/Info.plist;
				LD_RUNPATH_SEARCH_PATHS = "$(inherited) @executable_path/Frameworks @loader_path/Frameworks";
				PRODUCT_BUNDLE_IDENTIFIER = "krote.dom.tania.$(PRODUCT_NAME:rfc1034identifier)";
				PRODUCT_NAME = CigarettesAndMoneyCounter;
				SWIFT_VERSION = 3.0;
				TEST_HOST = "$(BUILT_PRODUCTS_DIR)/CigarettesAndMoneyCounter.app/CigarettesAndMoneyCounter";
			};
			name = Release;
		};
/* End XCBuildConfiguration section */

/* Begin XCConfigurationList section */
		23802C8E19CC150900387768 /* Build configuration list for PBXProject "CigarettesAndMoneyCounter" */ = {
			isa = XCConfigurationList;
			buildConfigurations = (
				23802CB019CC150900387768 /* Debug */,
				23802CB119CC150900387768 /* Release */,
			);
			defaultConfigurationIsVisible = 0;
			defaultConfigurationName = Release;
		};
		23802CB219CC150900387768 /* Build configuration list for PBXNativeTarget "CigarettesAndMoneyCounter" */ = {
			isa = XCConfigurationList;
			buildConfigurations = (
				23802CB319CC150900387768 /* Debug */,
				23802CB419CC150900387768 /* Release */,
			);
			defaultConfigurationIsVisible = 0;
			defaultConfigurationName = Release;
		};
		23802CB519CC150900387768 /* Build configuration list for PBXNativeTarget "CigarettesAndMoneyCounterTests" */ = {
			isa = XCConfigurationList;
			buildConfigurations = (
				23802CB619CC150900387768 /* Debug */,
				23802CB719CC150900387768 /* Release */,
			);
			defaultConfigurationIsVisible = 0;
			defaultConfigurationName = Release;
		};
/* End XCConfigurationList section */

/* Begin XCVersionGroup section */
		2392326F1A45D6F9000714AA /* CigaretteRecord.xcdatamodeld */ = {
			isa = XCVersionGroup;
			children = (
				2333B9991D70C62E00081466 /* CigaretteRecord 2.xcdatamodel */,
				239232701A45D6F9000714AA /* CigaretteRecord.xcdatamodel */,
			);
			currentVersion = 2333B9991D70C62E00081466 /* CigaretteRecord 2.xcdatamodel */;
			path = CigaretteRecord.xcdatamodeld;
			sourceTree = "<group>";
			versionGroupType = wrapper.xcdatamodel;
		};
/* End XCVersionGroup section */
	};
	rootObject = 23802C8B19CC150900387768 /* Project object */;
}
